
Microsoft Visual Studio Solution File, Format Version 11.00
# Visual Studio 2010
Project("{FAE04EC0-301F-11D3-BF4B-00C04F79EFBC}") = "Hidistro.ControlPanel", "Hidistro.ControlPanel\Hidistro.ControlPanel.csproj", "{692B5F07-B027-4492-8EE4-E4A9C6FB8F02}"
EndProject
Project("{FAE04EC0-301F-11D3-BF4B-00C04F79EFBC}") = "Hidistro.Core", "Hidistro.Core\Hidistro.Core.csproj", "{B47E1B2D-4B40-4E56-8719-214286D6EB78}"
EndProject
Project("{FAE04EC0-301F-11D3-BF4B-00C04F79EFBC}") = "Hidistro.Entities", "Hidistro.Entities\Hidistro.Entities.csproj", "{0935C13D-C06A-48B4-A6A4-8C251F4024D9}"
EndProject
Project("{FAE04EC0-301F-11D3-BF4B-00C04F79EFBC}") = "Hidistro.Jobs", "Hidistro.Jobs\Hidistro.Jobs.csproj", "{76CDCE4E-C460-489F-98BD-89E13607BB49}"
EndProject
Project("{FAE04EC0-301F-11D3-BF4B-00C04F79EFBC}") = "Hidistro.Messages", "Hidistro.Messages\Hidistro.Messages.csproj", "{9AA25E10-3D50-46E9-AF48-46D340745D58}"
EndProject
Project("{FAE04EC0-301F-11D3-BF4B-00C04F79EFBC}") = "Hidistro.SaleSystem.Vshop", "Hidistro.SaleSystem.Vshop\Hidistro.SaleSystem.Vshop.csproj", "{317F1917-A702-4414-8D67-30CB02AEC09F}"
EndProject
Project("{FAE04EC0-301F-11D3-BF4B-00C04F79EFBC}") = "Hidistro.SqlDal", "Hidistro.SqlDal\Hidistro.SqlDal.csproj", "{DC735563-C0A9-4C64-A9B2-3E2B9952B37A}"
EndProject
Project("{FAE04EC0-301F-11D3-BF4B-00C04F79EFBC}") = "Hidistro.UI.Common.Controls", "Hidistro.UI.Common.Controls\Hidistro.UI.Common.Controls.csproj", "{A35FCFAC-6AE6-43DD-A0C8-066CC51A3781}"
EndProject
Project("{FAE04EC0-301F-11D3-BF4B-00C04F79EFBC}") = "Hidistro.UI.ControlPanel.Utility", "Hidistro.UI.ControlPanel.Utility\Hidistro.UI.ControlPanel.Utility.csproj", "{5F28C91A-3891-402D-B1B9-B94DF33B529D}"
EndProject
Project("{FAE04EC0-301F-11D3-BF4B-00C04F79EFBC}") = "Hidistro.UI.SaleSystem.CodeBehind", "Hidistro.UI.SaleSystem.CodeBehind\Hidistro.UI.SaleSystem.CodeBehind.csproj", "{978FBAF5-D0D1-45D6-875A-6119DDFE3701}"
EndProject
Project("{FAE04EC0-301F-11D3-BF4B-00C04F79EFBC}") = "Hidistro.UI.SaleSystem.Tags", "Hidistro.UI.SaleSystem.Tags\Hidistro.UI.SaleSystem.Tags.csproj", "{0DDDF188-2993-4A20-8466-C6C427597155}"
EndProject
Project("{FAE04EC0-301F-11D3-BF4B-00C04F79EFBC}") = "Hishop.AlipayFuwu.Api", "Hishop.AlipayFuwu.Api\Hishop.AlipayFuwu.Api.csproj", "{41B073B6-25D1-4B7E-A5F9-5006F5C7DE9F}"
EndProject
Project("{FAE04EC0-301F-11D3-BF4B-00C04F79EFBC}") = "Hishop.Components.Validation", "Hishop.Components.Validation\Hishop.Components.Validation.csproj", "{2A15F45C-E39E-42F0-8FBC-A05CAC619270}"
EndProject
Project("{FAE04EC0-301F-11D3-BF4B-00C04F79EFBC}") = "Hishop.MeiQia.Api", "Hishop.MeiQia.Api\Hishop.MeiQia.Api.csproj", "{1FF5FEFA-F93A-453D-859F-77509D97DE3A}"
EndProject
Project("{FAE04EC0-301F-11D3-BF4B-00C04F79EFBC}") = "Hishop.Plugins", "Hishop.Plugins\Hishop.Plugins.csproj", "{FE80FC2D-8E82-49F8-8043-38F516583C39}"
EndProject
Project("{FAE04EC0-301F-11D3-BF4B-00C04F79EFBC}") = "Hishop.TransferManager", "Hishop.TransferManager\Hishop.TransferManager.csproj", "{4B2D2241-74E6-4A44-9334-AB599A448D73}"
EndProject
Project("{FAE04EC0-301F-11D3-BF4B-00C04F79EFBC}") = "Hishop.WeiBo.Api", "Hishop.WeiBo.Api\Hishop.WeiBo.Api.csproj", "{24AB4FF0-BF35-405E-AEB0-264EA1BD845A}"
EndProject
Project("{FAE04EC0-301F-11D3-BF4B-00C04F79EFBC}") = "Hishop.Weixin.MP", "Hishop.Weixin.MP\Hishop.Weixin.MP.csproj", "{119F3553-0492-4F09-9434-6533BF3BF12D}"
EndProject
Project("{FAE04EC0-301F-11D3-BF4B-00C04F79EFBC}") = "Hishop.Weixin.Pay", "Hishop.Weixin.Pay\Hishop.Weixin.Pay.csproj", "{2D020F9C-7DE9-42F1-9EEA-C26E48927C20}"
EndProject
Project("{FAE04EC0-301F-11D3-BF4B-00C04F79EFBC}") = "HiTemplate", "HiTemplate\HiTemplate.csproj", "{44B59E95-ECE1-4F9A-945F-34B5306CF91A}"
EndProject
Project("{FAE04EC0-301F-11D3-BF4B-00C04F79EFBC}") = "Hidistro.UI.Web", "Hidistro.UI.Web\Hidistro.UI.Web.csproj", "{50C0B30A-FBF4-426B-9211-BC55DAB3DD3A}"
EndProject
Project("{E24C65DC-7377-472B-9ABA-BC803B73C61A}") = "web", "web\", "{6B792418-FA54-4F40-865F-F3C6B84097AC}"
	ProjectSection(WebsiteProperties) = preProject
		TargetFrameworkMoniker = ".NETFramework,Version%3Dv4.0"
		ProjectReferences = "{50C0B30A-FBF4-426B-9211-BC55DAB3DD3A}|Hidistro.UI.Web.dll;{692B5F07-B027-4492-8EE4-E4A9C6FB8F02}|Hidistro.ControlPanel.dll;{0935C13D-C06A-48B4-A6A4-8C251F4024D9}|Hidistro.Entities.dll;{DC735563-C0A9-4C64-A9B2-3E2B9952B37A}|Hidistro.SqlDal.dll;{0DDDF188-2993-4A20-8466-C6C427597155}|Hidistro.UI.SaleSystem.Tags.dll;{24AB4FF0-BF35-405E-AEB0-264EA1BD845A}|Hishop.WeiBo.Api.dll;{B47E1B2D-4B40-4E56-8719-214286D6EB78}|Hidistro.Core.dll;{317F1917-A702-4414-8D67-30CB02AEC09F}|Hidistro.SaleSystem.Vshop.dll;{9AA25E10-3D50-46E9-AF48-46D340745D58}|Hidistro.Messages.dll;{A35FCFAC-6AE6-43DD-A0C8-066CC51A3781}|Hidistro.UI.Common.Controls.dll;{978FBAF5-D0D1-45D6-875A-6119DDFE3701}|Hidistro.UI.SaleSystem.CodeBehind.dll;{119F3553-0492-4F09-9434-6533BF3BF12D}|Hishop.Weixin.MP.dll;{2D020F9C-7DE9-42F1-9EEA-C26E48927C20}|Hishop.Weixin.Pay.dll;{FE80FC2D-8E82-49F8-8043-38F516583C39}|Hishop.Plugins.dll;{2A15F45C-E39E-42F0-8FBC-A05CAC619270}|Hishop.Components.Validation.dll;{41B073B6-25D1-4B7E-A5F9-5006F5C7DE9F}|Hishop.AlipayFuwu.Api.dll;{76CDCE4E-C460-489F-98BD-89E13607BB49}|Hidistro.Jobs.dll;{5F28C91A-3891-402D-B1B9-B94DF33B529D}|Hidistro.UI.ControlPanel.Utility.dll;{1FF5FEFA-F93A-453D-859F-77509D97DE3A}|Hishop.MeiQia.Api.dll;{4B2D2241-74E6-4A44-9334-AB599A448D73}|Hishop.TransferManager.dll;{44B59E95-ECE1-4F9A-945F-34B5306CF91A}|HiTemplate.dll;"
		Debug.AspNetCompiler.VirtualPath = "/web"
		Debug.AspNetCompiler.PhysicalPath = "web\"
		Debug.AspNetCompiler.TargetPath = "PrecompiledWeb\web\"
		Debug.AspNetCompiler.Updateable = "true"
		Debug.AspNetCompiler.ForceOverwrite = "true"
		Debug.AspNetCompiler.FixedNames = "false"
		Debug.AspNetCompiler.Debug = "True"
		Release.AspNetCompiler.VirtualPath = "/web"
		Release.AspNetCompiler.PhysicalPath = "web\"
		Release.AspNetCompiler.TargetPath = "PrecompiledWeb\web\"
		Release.AspNetCompiler.Updateable = "true"
		Release.AspNetCompiler.ForceOverwrite = "true"
		Release.AspNetCompiler.FixedNames = "false"
		Release.AspNetCompiler.Debug = "False"
		VWDPort = "5075"
		VWDVirtualPath = "/"
	EndProjectSection
	ProjectSection(ProjectDependencies) = postProject
		{5F28C91A-3891-402D-B1B9-B94DF33B529D} = {5F28C91A-3891-402D-B1B9-B94DF33B529D}
		{FE80FC2D-8E82-49F8-8043-38F516583C39} = {FE80FC2D-8E82-49F8-8043-38F516583C39}
		{4B2D2241-74E6-4A44-9334-AB599A448D73} = {4B2D2241-74E6-4A44-9334-AB599A448D73}
		{76CDCE4E-C460-489F-98BD-89E13607BB49} = {76CDCE4E-C460-489F-98BD-89E13607BB49}
		{119F3553-0492-4F09-9434-6533BF3BF12D} = {119F3553-0492-4F09-9434-6533BF3BF12D}
		{2A15F45C-E39E-42F0-8FBC-A05CAC619270} = {2A15F45C-E39E-42F0-8FBC-A05CAC619270}
		{44B59E95-ECE1-4F9A-945F-34B5306CF91A} = {44B59E95-ECE1-4F9A-945F-34B5306CF91A}
		{2D020F9C-7DE9-42F1-9EEA-C26E48927C20} = {2D020F9C-7DE9-42F1-9EEA-C26E48927C20}
		{41B073B6-25D1-4B7E-A5F9-5006F5C7DE9F} = {41B073B6-25D1-4B7E-A5F9-5006F5C7DE9F}
		{1FF5FEFA-F93A-453D-859F-77509D97DE3A} = {1FF5FEFA-F93A-453D-859F-77509D97DE3A}
	EndProjectSection
EndProject
Global
	GlobalSection(SolutionConfigurationPlatforms) = preSolution
		Debug|Any CPU = Debug|Any CPU
		Debug|Mixed Platforms = Debug|Mixed Platforms
		Debug|x86 = Debug|x86
		Release|Any CPU = Release|Any CPU
		Release|Mixed Platforms = Release|Mixed Platforms
		Release|x86 = Release|x86
	EndGlobalSection
	GlobalSection(ProjectConfigurationPlatforms) = postSolution
		{692B5F07-B027-4492-8EE4-E4A9C6FB8F02}.Debug|Any CPU.ActiveCfg = Debug|Any CPU
		{692B5F07-B027-4492-8EE4-E4A9C6FB8F02}.Debug|Any CPU.Build.0 = Debug|Any CPU
		{692B5F07-B027-4492-8EE4-E4A9C6FB8F02}.Debug|Mixed Platforms.ActiveCfg = Debug|Any CPU
		{692B5F07-B027-4492-8EE4-E4A9C6FB8F02}.Debug|Mixed Platforms.Build.0 = Debug|Any CPU
		{692B5F07-B027-4492-8EE4-E4A9C6FB8F02}.Debug|x86.ActiveCfg = Debug|x86
		{692B5F07-B027-4492-8EE4-E4A9C6FB8F02}.Debug|x86.Build.0 = Debug|x86
		{692B5F07-B027-4492-8EE4-E4A9C6FB8F02}.Release|Any CPU.ActiveCfg = Release|Any CPU
		{692B5F07-B027-4492-8EE4-E4A9C6FB8F02}.Release|Any CPU.Build.0 = Release|Any CPU
		{692B5F07-B027-4492-8EE4-E4A9C6FB8F02}.Release|Mixed Platforms.ActiveCfg = Release|x86
		{692B5F07-B027-4492-8EE4-E4A9C6FB8F02}.Release|Mixed Platforms.Build.0 = Release|x86
		{692B5F07-B027-4492-8EE4-E4A9C6FB8F02}.Release|x86.ActiveCfg = Release|x86
		{692B5F07-B027-4492-8EE4-E4A9C6FB8F02}.Release|x86.Build.0 = Release|x86
		{B47E1B2D-4B40-4E56-8719-214286D6EB78}.Debug|Any CPU.ActiveCfg = Debug|Any CPU
		{B47E1B2D-4B40-4E56-8719-214286D6EB78}.Debug|Any CPU.Build.0 = Debug|Any CPU
		{B47E1B2D-4B40-4E56-8719-214286D6EB78}.Debug|Mixed Platforms.ActiveCfg = Debug|Any CPU
		{B47E1B2D-4B40-4E56-8719-214286D6EB78}.Debug|Mixed Platforms.Build.0 = Debug|Any CPU
		{B47E1B2D-4B40-4E56-8719-214286D6EB78}.Debug|x86.ActiveCfg = Debug|x86
		{B47E1B2D-4B40-4E56-8719-214286D6EB78}.Debug|x86.Build.0 = Debug|x86
		{B47E1B2D-4B40-4E56-8719-214286D6EB78}.Release|Any CPU.ActiveCfg = Release|Any CPU
		{B47E1B2D-4B40-4E56-8719-214286D6EB78}.Release|Any CPU.Build.0 = Release|Any CPU
		{B47E1B2D-4B40-4E56-8719-214286D6EB78}.Release|Mixed Platforms.ActiveCfg = Release|x86
		{B47E1B2D-4B40-4E56-8719-214286D6EB78}.Release|Mixed Platforms.Build.0 = Release|x86
		{B47E1B2D-4B40-4E56-8719-214286D6EB78}.Release|x86.ActiveCfg = Release|x86
		{B47E1B2D-4B40-4E56-8719-214286D6EB78}.Release|x86.Build.0 = Release|x86
		{0935C13D-C06A-48B4-A6A4-8C251F4024D9}.Debug|Any CPU.ActiveCfg = Debug|Any CPU
		{0935C13D-C06A-48B4-A6A4-8C251F4024D9}.Debug|Any CPU.Build.0 = Debug|Any CPU
		{0935C13D-C06A-48B4-A6A4-8C251F4024D9}.Debug|Mixed Platforms.ActiveCfg = Debug|Any CPU
		{0935C13D-C06A-48B4-A6A4-8C251F4024D9}.Debug|Mixed Platforms.Build.0 = Debug|Any CPU
		{0935C13D-C06A-48B4-A6A4-8C251F4024D9}.Debug|x86.ActiveCfg = Debug|x86
		{0935C13D-C06A-48B4-A6A4-8C251F4024D9}.Debug|x86.Build.0 = Debug|x86
		{0935C13D-C06A-48B4-A6A4-8C251F4024D9}.Release|Any CPU.ActiveCfg = Release|Any CPU
		{0935C13D-C06A-48B4-A6A4-8C251F4024D9}.Release|Any CPU.Build.0 = Release|Any CPU
		{0935C13D-C06A-48B4-A6A4-8C251F4024D9}.Release|Mixed Platforms.ActiveCfg = Release|x86
		{0935C13D-C06A-48B4-A6A4-8C251F4024D9}.Release|Mixed Platforms.Build.0 = Release|x86
		{0935C13D-C06A-48B4-A6A4-8C251F4024D9}.Release|x86.ActiveCfg = Release|x86
		{0935C13D-C06A-48B4-A6A4-8C251F4024D9}.Release|x86.Build.0 = Release|x86
		{76CDCE4E-C460-489F-98BD-89E13607BB49}.Debug|Any CPU.ActiveCfg = Debug|Any CPU
		{76CDCE4E-C460-489F-98BD-89E13607BB49}.Debug|Any CPU.Build.0 = Debug|Any CPU
		{76CDCE4E-C460-489F-98BD-89E13607BB49}.Debug|Mixed Platforms.ActiveCfg = Debug|Any CPU
		{76CDCE4E-C460-489F-98BD-89E13607BB49}.Debug|Mixed Platforms.Build.0 = Debug|Any CPU
		{76CDCE4E-C460-489F-98BD-89E13607BB49}.Debug|x86.ActiveCfg = Debug|x86
		{76CDCE4E-C460-489F-98BD-89E13607BB49}.Debug|x86.Build.0 = Debug|x86
		{76CDCE4E-C460-489F-98BD-89E13607BB49}.Release|Any CPU.ActiveCfg = Release|Any CPU
		{76CDCE4E-C460-489F-98BD-89E13607BB49}.Release|Any CPU.Build.0 = Release|Any CPU
		{76CDCE4E-C460-489F-98BD-89E13607BB49}.Release|Mixed Platforms.ActiveCfg = Release|x86
		{76CDCE4E-C460-489F-98BD-89E13607BB49}.Release|Mixed Platforms.Build.0 = Release|x86
		{76CDCE4E-C460-489F-98BD-89E13607BB49}.Release|x86.ActiveCfg = Release|x86
		{76CDCE4E-C460-489F-98BD-89E13607BB49}.Release|x86.Build.0 = Release|x86
		{9AA25E10-3D50-46E9-AF48-46D340745D58}.Debug|Any CPU.ActiveCfg = Debug|Any CPU
		{9AA25E10-3D50-46E9-AF48-46D340745D58}.Debug|Any CPU.Build.0 = Debug|Any CPU
		{9AA25E10-3D50-46E9-AF48-46D340745D58}.Debug|Mixed Platforms.ActiveCfg = Debug|Any CPU
		{9AA25E10-3D50-46E9-AF48-46D340745D58}.Debug|Mixed Platforms.Build.0 = Debug|Any CPU
		{9AA25E10-3D50-46E9-AF48-46D340745D58}.Debug|x86.ActiveCfg = Debug|x86
		{9AA25E10-3D50-46E9-AF48-46D340745D58}.Debug|x86.Build.0 = Debug|x86
		{9AA25E10-3D50-46E9-AF48-46D340745D58}.Release|Any CPU.ActiveCfg = Release|Any CPU
		{9AA25E10-3D50-46E9-AF48-46D340745D58}.Release|Any CPU.Build.0 = Release|Any CPU
		{9AA25E10-3D50-46E9-AF48-46D340745D58}.Release|Mixed Platforms.ActiveCfg = Release|x86
		{9AA25E10-3D50-46E9-AF48-46D340745D58}.Release|Mixed Platforms.Build.0 = Release|x86
		{9AA25E10-3D50-46E9-AF48-46D340745D58}.Release|x86.ActiveCfg = Release|x86
		{9AA25E10-3D50-46E9-AF48-46D340745D58}.Release|x86.Build.0 = Release|x86
		{317F1917-A702-4414-8D67-30CB02AEC09F}.Debug|Any CPU.ActiveCfg = Debug|Any CPU
		{317F1917-A702-4414-8D67-30CB02AEC09F}.Debug|Any CPU.Build.0 = Debug|Any CPU
		{317F1917-A702-4414-8D67-30CB02AEC09F}.Debug|Mixed Platforms.ActiveCfg = Debug|Any CPU
		{317F1917-A702-4414-8D67-30CB02AEC09F}.Debug|Mixed Platforms.Build.0 = Debug|Any CPU
		{317F1917-A702-4414-8D67-30CB02AEC09F}.Debug|x86.ActiveCfg = Debug|x86
		{317F1917-A702-4414-8D67-30CB02AEC09F}.Debug|x86.Build.0 = Debug|x86
		{317F1917-A702-4414-8D67-30CB02AEC09F}.Release|Any CPU.ActiveCfg = Release|Any CPU
		{317F1917-A702-4414-8D67-30CB02AEC09F}.Release|Any CPU.Build.0 = Release|Any CPU
		{317F1917-A702-4414-8D67-30CB02AEC09F}.Release|Mixed Platforms.ActiveCfg = Release|x86
		{317F1917-A702-4414-8D67-30CB02AEC09F}.Release|Mixed Platforms.Build.0 = Release|x86
		{317F1917-A702-4414-8D67-30CB02AEC09F}.Release|x86.ActiveCfg = Release|x86
		{317F1917-A702-4414-8D67-30CB02AEC09F}.Release|x86.Build.0 = Release|x86
		{DC735563-C0A9-4C64-A9B2-3E2B9952B37A}.Debug|Any CPU.ActiveCfg = Debug|Any CPU
		{DC735563-C0A9-4C64-A9B2-3E2B9952B37A}.Debug|Any CPU.Build.0 = Debug|Any CPU
		{DC735563-C0A9-4C64-A9B2-3E2B9952B37A}.Debug|Mixed Platforms.ActiveCfg = Debug|Any CPU
		{DC735563-C0A9-4C64-A9B2-3E2B9952B37A}.Debug|Mixed Platforms.Build.0 = Debug|Any CPU
		{DC735563-C0A9-4C64-A9B2-3E2B9952B37A}.Debug|x86.ActiveCfg = Debug|x86
		{DC735563-C0A9-4C64-A9B2-3E2B9952B37A}.Debug|x86.Build.0 = Debug|x86
		{DC735563-C0A9-4C64-A9B2-3E2B9952B37A}.Release|Any CPU.ActiveCfg = Release|Any CPU
		{DC735563-C0A9-4C64-A9B2-3E2B9952B37A}.Release|Any CPU.Build.0 = Release|Any CPU
		{DC735563-C0A9-4C64-A9B2-3E2B9952B37A}.Release|Mixed Platforms.ActiveCfg = Release|x86
		{DC735563-C0A9-4C64-A9B2-3E2B9952B37A}.Release|Mixed Platforms.Build.0 = Release|x86
		{DC735563-C0A9-4C64-A9B2-3E2B9952B37A}.Release|x86.ActiveCfg = Release|x86
		{DC735563-C0A9-4C64-A9B2-3E2B9952B37A}.Release|x86.Build.0 = Release|x86
		{A35FCFAC-6AE6-43DD-A0C8-066CC51A3781}.Debug|Any CPU.ActiveCfg = Debug|Any CPU
		{A35FCFAC-6AE6-43DD-A0C8-066CC51A3781}.Debug|Any CPU.Build.0 = Debug|Any CPU
		{A35FCFAC-6AE6-43DD-A0C8-066CC51A3781}.Debug|Mixed Platforms.ActiveCfg = Debug|Any CPU
		{A35FCFAC-6AE6-43DD-A0C8-066CC51A3781}.Debug|Mixed Platforms.Build.0 = Debug|Any CPU
		{A35FCFAC-6AE6-43DD-A0C8-066CC51A3781}.Debug|x86.ActiveCfg = Debug|x86
		{A35FCFAC-6AE6-43DD-A0C8-066CC51A3781}.Debug|x86.Build.0 = Debug|x86
		{A35FCFAC-6AE6-43DD-A0C8-066CC51A3781}.Release|Any CPU.ActiveCfg = Release|Any CPU
		{A35FCFAC-6AE6-43DD-A0C8-066CC51A3781}.Release|Any CPU.Build.0 = Release|Any CPU
		{A35FCFAC-6AE6-43DD-A0C8-066CC51A3781}.Release|Mixed Platforms.ActiveCfg = Release|x86
		{A35FCFAC-6AE6-43DD-A0C8-066CC51A3781}.Release|Mixed Platforms.Build.0 = Release|x86
		{A35FCFAC-6AE6-43DD-A0C8-066CC51A3781}.Release|x86.ActiveCfg = Release|x86
		{A35FCFAC-6AE6-43DD-A0C8-066CC51A3781}.Release|x86.Build.0 = Release|x86
		{5F28C91A-3891-402D-B1B9-B94DF33B529D}.Debug|Any CPU.ActiveCfg = Debug|Any CPU
		{5F28C91A-3891-402D-B1B9-B94DF33B529D}.Debug|Any CPU.Build.0 = Debug|Any CPU
		{5F28C91A-3891-402D-B1B9-B94DF33B529D}.Debug|Mixed Platforms.ActiveCfg = Debug|Any CPU
		{5F28C91A-3891-402D-B1B9-B94DF33B529D}.Debug|Mixed Platforms.Build.0 = Debug|Any CPU
		{5F28C91A-3891-402D-B1B9-B94DF33B529D}.Debug|x86.ActiveCfg = Debug|x86
		{5F28C91A-3891-402D-B1B9-B94DF33B529D}.Debug|x86.Build.0 = Debug|x86
		{5F28C91A-3891-402D-B1B9-B94DF33B529D}.Release|Any CPU.ActiveCfg = Release|Any CPU
		{5F28C91A-3891-402D-B1B9-B94DF33B529D}.Release|Any CPU.Build.0 = Release|Any CPU
		{5F28C91A-3891-402D-B1B9-B94DF33B529D}.Release|Mixed Platforms.ActiveCfg = Release|x86
		{5F28C91A-3891-402D-B1B9-B94DF33B529D}.Release|Mixed Platforms.Build.0 = Release|x86
		{5F28C91A-3891-402D-B1B9-B94DF33B529D}.Release|x86.ActiveCfg = Release|x86
		{5F28C91A-3891-402D-B1B9-B94DF33B529D}.Release|x86.Build.0 = Release|x86
		{978FBAF5-D0D1-45D6-875A-6119DDFE3701}.Debug|Any CPU.ActiveCfg = Debug|Any CPU
		{978FBAF5-D0D1-45D6-875A-6119DDFE3701}.Debug|Any CPU.Build.0 = Debug|Any CPU
		{978FBAF5-D0D1-45D6-875A-6119DDFE3701}.Debug|Mixed Platforms.ActiveCfg = Debug|Any CPU
		{978FBAF5-D0D1-45D6-875A-6119DDFE3701}.Debug|Mixed Platforms.Build.0 = Debug|Any CPU
		{978FBAF5-D0D1-45D6-875A-6119DDFE3701}.Debug|x86.ActiveCfg = Debug|x86
		{978FBAF5-D0D1-45D6-875A-6119DDFE3701}.Debug|x86.Build.0 = Debug|x86
		{978FBAF5-D0D1-45D6-875A-6119DDFE3701}.Release|Any CPU.ActiveCfg = Release|Any CPU
		{978FBAF5-D0D1-45D6-875A-6119DDFE3701}.Release|Any CPU.Build.0 = Release|Any CPU
		{978FBAF5-D0D1-45D6-875A-6119DDFE3701}.Release|Mixed Platforms.ActiveCfg = Release|x86
		{978FBAF5-D0D1-45D6-875A-6119DDFE3701}.Release|Mixed Platforms.Build.0 = Release|x86
		{978FBAF5-D0D1-45D6-875A-6119DDFE3701}.Release|x86.ActiveCfg = Release|x86
		{978FBAF5-D0D1-45D6-875A-6119DDFE3701}.Release|x86.Build.0 = Release|x86
		{0DDDF188-2993-4A20-8466-C6C427597155}.Debug|Any CPU.ActiveCfg = Debug|Any CPU
		{0DDDF188-2993-4A20-8466-C6C427597155}.Debug|Any CPU.Build.0 = Debug|Any CPU
		{0DDDF188-2993-4A20-8466-C6C427597155}.Debug|Mixed Platforms.ActiveCfg = Debug|Any CPU
		{0DDDF188-2993-4A20-8466-C6C427597155}.Debug|Mixed Platforms.Build.0 = Debug|Any CPU
		{0DDDF188-2993-4A20-8466-C6C427597155}.Debug|x86.ActiveCfg = Debug|x86
		{0DDDF188-2993-4A20-8466-C6C427597155}.Debug|x86.Build.0 = Debug|x86
		{0DDDF188-2993-4A20-8466-C6C427597155}.Release|Any CPU.ActiveCfg = Release|Any CPU
		{0DDDF188-2993-4A20-8466-C6C427597155}.Release|Any CPU.Build.0 = Release|Any CPU
		{0DDDF188-2993-4A20-8466-C6C427597155}.Release|Mixed Platforms.ActiveCfg = Release|x86
		{0DDDF188-2993-4A20-8466-C6C427597155}.Release|Mixed Platforms.Build.0 = Release|x86
		{0DDDF188-2993-4A20-8466-C6C427597155}.Release|x86.ActiveCfg = Release|x86
		{0DDDF188-2993-4A20-8466-C6C427597155}.Release|x86.Build.0 = Release|x86
		{41B073B6-25D1-4B7E-A5F9-5006F5C7DE9F}.Debug|Any CPU.ActiveCfg = Debug|Any CPU
		{41B073B6-25D1-4B7E-A5F9-5006F5C7DE9F}.Debug|Any CPU.Build.0 = Debug|Any CPU
		{41B073B6-25D1-4B7E-A5F9-5006F5C7DE9F}.Debug|Mixed Platforms.ActiveCfg = Debug|Any CPU
		{41B073B6-25D1-4B7E-A5F9-5006F5C7DE9F}.Debug|Mixed Platforms.Build.0 = Debug|Any CPU
		{41B073B6-25D1-4B7E-A5F9-5006F5C7DE9F}.Debug|x86.ActiveCfg = Debug|x86
		{41B073B6-25D1-4B7E-A5F9-5006F5C7DE9F}.Debug|x86.Build.0 = Debug|x86
		{41B073B6-25D1-4B7E-A5F9-5006F5C7DE9F}.Release|Any CPU.ActiveCfg = Release|Any CPU
		{41B073B6-25D1-4B7E-A5F9-5006F5C7DE9F}.Release|Any CPU.Build.0 = Release|Any CPU
		{41B073B6-25D1-4B7E-A5F9-5006F5C7DE9F}.Release|Mixed Platforms.ActiveCfg = Release|x86
		{41B073B6-25D1-4B7E-A5F9-5006F5C7DE9F}.Release|Mixed Platforms.Build.0 = Release|x86
		{41B073B6-25D1-4B7E-A5F9-5006F5C7DE9F}.Release|x86.ActiveCfg = Release|x86
		{41B073B6-25D1-4B7E-A5F9-5006F5C7DE9F}.Release|x86.Build.0 = Release|x86
		{2A15F45C-E39E-42F0-8FBC-A05CAC619270}.Debug|Any CPU.ActiveCfg = Debug|Any CPU
		{2A15F45C-E39E-42F0-8FBC-A05CAC619270}.Debug|Any CPU.Build.0 = Debug|Any CPU
		{2A15F45C-E39E-42F0-8FBC-A05CAC619270}.Debug|Mixed Platforms.ActiveCfg = Debug|Any CPU
		{2A15F45C-E39E-42F0-8FBC-A05CAC619270}.Debug|Mixed Platforms.Build.0 = Debug|Any CPU
		{2A15F45C-E39E-42F0-8FBC-A05CAC619270}.Debug|x86.ActiveCfg = Debug|x86
		{2A15F45C-E39E-42F0-8FBC-A05CAC619270}.Debug|x86.Build.0 = Debug|x86
		{2A15F45C-E39E-42F0-8FBC-A05CAC619270}.Release|Any CPU.ActiveCfg = Release|Any CPU
		{2A15F45C-E39E-42F0-8FBC-A05CAC619270}.Release|Any CPU.Build.0 = Release|Any CPU
		{2A15F45C-E39E-42F0-8FBC-A05CAC619270}.Release|Mixed Platforms.ActiveCfg = Release|Any CPU
		{2A15F45C-E39E-42F0-8FBC-A05CAC619270}.Release|Mixed Platforms.Build.0 = Release|Any CPU
		{2A15F45C-E39E-42F0-8FBC-A05CAC619270}.Release|x86.ActiveCfg = Release|x86
		{2A15F45C-E39E-42F0-8FBC-A05CAC619270}.Release|x86.Build.0 = Release|x86
		{1FF5FEFA-F93A-453D-859F-77509D97DE3A}.Debug|Any CPU.ActiveCfg = Debug|Any CPU
		{1FF5FEFA-F93A-453D-859F-77509D97DE3A}.Debug|Any CPU.Build.0 = Debug|Any CPU
		{1FF5FEFA-F93A-453D-859F-77509D97DE3A}.Debug|Mixed Platforms.ActiveCfg = Debug|Any CPU
		{1FF5FEFA-F93A-453D-859F-77509D97DE3A}.Debug|Mixed Platforms.Build.0 = Debug|Any CPU
		{1FF5FEFA-F93A-453D-859F-77509D97DE3A}.Debug|x86.ActiveCfg = Debug|x86
		{1FF5FEFA-F93A-453D-859F-77509D97DE3A}.Debug|x86.Build.0 = Debug|x86
		{1FF5FEFA-F93A-453D-859F-77509D97DE3A}.Release|Any CPU.ActiveCfg = Release|Any CPU
		{1FF5FEFA-F93A-453D-859F-77509D97DE3A}.Release|Any CPU.Build.0 = Release|Any CPU
		{1FF5FEFA-F93A-453D-859F-77509D97DE3A}.Release|Mixed Platforms.ActiveCfg = Release|x86
		{1FF5FEFA-F93A-453D-859F-77509D97DE3A}.Release|Mixed Platforms.Build.0 = Release|x86
		{1FF5FEFA-F93A-453D-859F-77509D97DE3A}.Release|x86.ActiveCfg = Release|x86
		{1FF5FEFA-F93A-453D-859F-77509D97DE3A}.Release|x86.Build.0 = Release|x86
		{FE80FC2D-8E82-49F8-8043-38F516583C39}.Debug|Any CPU.ActiveCfg = Debug|Any CPU
		{FE80FC2D-8E82-49F8-8043-38F516583C39}.Debug|Any CPU.Build.0 = Debug|Any CPU
		{FE80FC2D-8E82-49F8-8043-38F516583C39}.Debug|Mixed Platforms.ActiveCfg = Debug|Any CPU
		{FE80FC2D-8E82-49F8-8043-38F516583C39}.Debug|Mixed Platforms.Build.0 = Debug|Any CPU
		{FE80FC2D-8E82-49F8-8043-38F516583C39}.Debug|x86.ActiveCfg = Debug|x86
		{FE80FC2D-8E82-49F8-8043-38F516583C39}.Debug|x86.Build.0 = Debug|x86
		{FE80FC2D-8E82-49F8-8043-38F516583C39}.Release|Any CPU.ActiveCfg = Release|Any CPU
		{FE80FC2D-8E82-49F8-8043-38F516583C39}.Release|Any CPU.Build.0 = Release|Any CPU
		{FE80FC2D-8E82-49F8-8043-38F516583C39}.Release|Mixed Platforms.ActiveCfg = Release|Any CPU
		{FE80FC2D-8E82-49F8-8043-38F516583C39}.Release|Mixed Platforms.Build.0 = Release|Any CPU
		{FE80FC2D-8E82-49F8-8043-38F516583C39}.Release|x86.ActiveCfg = Release|x86
		{FE80FC2D-8E82-49F8-8043-38F516583C39}.Release|x86.Build.0 = Release|x86
		{4B2D2241-74E6-4A44-9334-AB599A448D73}.Debug|Any CPU.ActiveCfg = Debug|Any CPU
		{4B2D2241-74E6-4A44-9334-AB599A448D73}.Debug|Any CPU.Build.0 = Debug|Any CPU
		{4B2D2241-74E6-4A44-9334-AB599A448D73}.Debug|Mixed Platforms.ActiveCfg = Debug|Any CPU
		{4B2D2241-74E6-4A44-9334-AB599A448D73}.Debug|Mixed Platforms.Build.0 = Debug|Any CPU
		{4B2D2241-74E6-4A44-9334-AB599A448D73}.Debug|x86.ActiveCfg = Debug|x86
		{4B2D2241-74E6-4A44-9334-AB599A448D73}.Debug|x86.Build.0 = Debug|x86
		{4B2D2241-74E6-4A44-9334-AB599A448D73}.Release|Any CPU.ActiveCfg = Release|Any CPU
		{4B2D2241-74E6-4A44-9334-AB599A448D73}.Release|Any CPU.Build.0 = Release|Any CPU
		{4B2D2241-74E6-4A44-9334-AB599A448D73}.Release|Mixed Platforms.ActiveCfg = Release|Any CPU
		{4B2D2241-74E6-4A44-9334-AB599A448D73}.Release|Mixed Platforms.Build.0 = Release|Any CPU
		{4B2D2241-74E6-4A44-9334-AB599A448D73}.Release|x86.ActiveCfg = Release|x86
		{4B2D2241-74E6-4A44-9334-AB599A448D73}.Release|x86.Build.0 = Release|x86
		{24AB4FF0-BF35-405E-AEB0-264EA1BD845A}.Debug|Any CPU.ActiveCfg = Debug|Any CPU
		{24AB4FF0-BF35-405E-AEB0-264EA1BD845A}.Debug|Any CPU.Build.0 = Debug|Any CPU
		{24AB4FF0-BF35-405E-AEB0-264EA1BD845A}.Debug|Mixed Platforms.ActiveCfg = Debug|Any CPU
		{24AB4FF0-BF35-405E-AEB0-264EA1BD845A}.Debug|Mixed Platforms.Build.0 = Debug|Any CPU
		{24AB4FF0-BF35-405E-AEB0-264EA1BD845A}.Debug|x86.ActiveCfg = Debug|x86
		{24AB4FF0-BF35-405E-AEB0-264EA1BD845A}.Debug|x86.Build.0 = Debug|x86
		{24AB4FF0-BF35-405E-AEB0-264EA1BD845A}.Release|Any CPU.ActiveCfg = Release|Any CPU
		{24AB4FF0-BF35-405E-AEB0-264EA1BD845A}.Release|Any CPU.Build.0 = Release|Any CPU
		{24AB4FF0-BF35-405E-AEB0-264EA1BD845A}.Release|Mixed Platforms.ActiveCfg = Release|x86
		{24AB4FF0-BF35-405E-AEB0-264EA1BD845A}.Release|Mixed Platforms.Build.0 = Release|x86
		{24AB4FF0-BF35-405E-AEB0-264EA1BD845A}.Release|x86.ActiveCfg = Release|x86
		{24AB4FF0-BF35-405E-AEB0-264EA1BD845A}.Release|x86.Build.0 = Release|x86
		{119F3553-0492-4F09-9434-6533BF3BF12D}.Debug|Any CPU.ActiveCfg = Debug|Any CPU
		{119F3553-0492-4F09-9434-6533BF3BF12D}.Debug|Any CPU.Build.0 = Debug|Any CPU
		{119F3553-0492-4F09-9434-6533BF3BF12D}.Debug|Mixed Platforms.ActiveCfg = Debug|Any CPU
		{119F3553-0492-4F09-9434-6533BF3BF12D}.Debug|Mixed Platforms.Build.0 = Debug|Any CPU
		{119F3553-0492-4F09-9434-6533BF3BF12D}.Debug|x86.ActiveCfg = Debug|x86
		{119F3553-0492-4F09-9434-6533BF3BF12D}.Debug|x86.Build.0 = Debug|x86
		{119F3553-0492-4F09-9434-6533BF3BF12D}.Release|Any CPU.ActiveCfg = Release|Any CPU
		{119F3553-0492-4F09-9434-6533BF3BF12D}.Release|Any CPU.Build.0 = Release|Any CPU
		{119F3553-0492-4F09-9434-6533BF3BF12D}.Release|Mixed Platforms.ActiveCfg = Release|x86
		{119F3553-0492-4F09-9434-6533BF3BF12D}.Release|Mixed Platforms.Build.0 = Release|x86
		{119F3553-0492-4F09-9434-6533BF3BF12D}.Release|x86.ActiveCfg = Release|x86
		{119F3553-0492-4F09-9434-6533BF3BF12D}.Release|x86.Build.0 = Release|x86
		{2D020F9C-7DE9-42F1-9EEA-C26E48927C20}.Debug|Any CPU.ActiveCfg = Debug|Any CPU
		{2D020F9C-7DE9-42F1-9EEA-C26E48927C20}.Debug|Any CPU.Build.0 = Debug|Any CPU
		{2D020F9C-7DE9-42F1-9EEA-C26E48927C20}.Debug|Mixed Platforms.ActiveCfg = Debug|Any CPU
		{2D020F9C-7DE9-42F1-9EEA-C26E48927C20}.Debug|Mixed Platforms.Build.0 = Debug|Any CPU
		{2D020F9C-7DE9-42F1-9EEA-C26E48927C20}.Debug|x86.ActiveCfg = Debug|x86
		{2D020F9C-7DE9-42F1-9EEA-C26E48927C20}.Debug|x86.Build.0 = Debug|x86
		{2D020F9C-7DE9-42F1-9EEA-C26E48927C20}.Release|Any CPU.ActiveCfg = Release|Any CPU
		{2D020F9C-7DE9-42F1-9EEA-C26E48927C20}.Release|Any CPU.Build.0 = Release|Any CPU
		{2D020F9C-7DE9-42F1-9EEA-C26E48927C20}.Release|Mixed Platforms.ActiveCfg = Release|Any CPU
		{2D020F9C-7DE9-42F1-9EEA-C26E48927C20}.Release|Mixed Platforms.Build.0 = Release|Any CPU
		{2D020F9C-7DE9-42F1-9EEA-C26E48927C20}.Release|x86.ActiveCfg = Release|x86
		{2D020F9C-7DE9-42F1-9EEA-C26E48927C20}.Release|x86.Build.0 = Release|x86
		{44B59E95-ECE1-4F9A-945F-34B5306CF91A}.Debug|Any CPU.ActiveCfg = Debug|Any CPU
		{44B59E95-ECE1-4F9A-945F-34B5306CF91A}.Debug|Any CPU.Build.0 = Debug|Any CPU
		{44B59E95-ECE1-4F9A-945F-34B5306CF91A}.Debug|Mixed Platforms.ActiveCfg = Debug|Any CPU
		{44B59E95-ECE1-4F9A-945F-34B5306CF91A}.Debug|Mixed Platforms.Build.0 = Debug|Any CPU
		{44B59E95-ECE1-4F9A-945F-34B5306CF91A}.Debug|x86.ActiveCfg = Debug|x86
		{44B59E95-ECE1-4F9A-945F-34B5306CF91A}.Debug|x86.Build.0 = Debug|x86
		{44B59E95-ECE1-4F9A-945F-34B5306CF91A}.Release|Any CPU.ActiveCfg = Release|Any CPU
		{44B59E95-ECE1-4F9A-945F-34B5306CF91A}.Release|Any CPU.Build.0 = Release|Any CPU
		{44B59E95-ECE1-4F9A-945F-34B5306CF91A}.Release|Mixed Platforms.ActiveCfg = Release|Any CPU
		{44B59E95-ECE1-4F9A-945F-34B5306CF91A}.Release|Mixed Platforms.Build.0 = Release|Any CPU
		{44B59E95-ECE1-4F9A-945F-34B5306CF91A}.Release|x86.ActiveCfg = Release|x86
		{44B59E95-ECE1-4F9A-945F-34B5306CF91A}.Release|x86.Build.0 = Release|x86
		{50C0B30A-FBF4-426B-9211-BC55DAB3DD3A}.Debug|Any CPU.ActiveCfg = Debug|Any CPU
		{50C0B30A-FBF4-426B-9211-BC55DAB3DD3A}.Debug|Any CPU.Build.0 = Debug|Any CPU
		{50C0B30A-FBF4-426B-9211-BC55DAB3DD3A}.Debug|Mixed Platforms.ActiveCfg = Debug|Any CPU
		{50C0B30A-FBF4-426B-9211-BC55DAB3DD3A}.Debug|Mixed Platforms.Build.0 = Debug|Any CPU
		{50C0B30A-FBF4-426B-9211-BC55DAB3DD3A}.Debug|x86.ActiveCfg = Debug|x86
		{50C0B30A-FBF4-426B-9211-BC55DAB3DD3A}.Debug|x86.Build.0 = Debug|x86
		{50C0B30A-FBF4-426B-9211-BC55DAB3DD3A}.Release|Any CPU.ActiveCfg = Release|Any CPU
		{50C0B30A-FBF4-426B-9211-BC55DAB3DD3A}.Release|Any CPU.Build.0 = Release|Any CPU
		{50C0B30A-FBF4-426B-9211-BC55DAB3DD3A}.Release|Mixed Platforms.ActiveCfg = Release|x86
		{50C0B30A-FBF4-426B-9211-BC55DAB3DD3A}.Release|Mixed Platforms.Build.0 = Release|x86
		{50C0B30A-FBF4-426B-9211-BC55DAB3DD3A}.Release|x86.ActiveCfg = Release|x86
		{50C0B30A-FBF4-426B-9211-BC55DAB3DD3A}.Release|x86.Build.0 = Release|x86
		{6B792418-FA54-4F40-865F-F3C6B84097AC}.Debug|Any CPU.ActiveCfg = Debug|Any CPU
		{6B792418-FA54-4F40-865F-F3C6B84097AC}.Debug|Any CPU.Build.0 = Debug|Any CPU
		{6B792418-FA54-4F40-865F-F3C6B84097AC}.Debug|Mixed Platforms.ActiveCfg = Debug|Any CPU
		{6B792418-FA54-4F40-865F-F3C6B84097AC}.Debug|Mixed Platforms.Build.0 = Debug|Any CPU
		{6B792418-FA54-4F40-865F-F3C6B84097AC}.Debug|x86.ActiveCfg = Debug|Any CPU
		{6B792418-FA54-4F40-865F-F3C6B84097AC}.Release|Any CPU.ActiveCfg = Debug|Any CPU
		{6B792418-FA54-4F40-865F-F3C6B84097AC}.Release|Any CPU.Build.0 = Debug|Any CPU
		{6B792418-FA54-4F40-865F-F3C6B84097AC}.Release|Mixed Platforms.ActiveCfg = Debug|Any CPU
		{6B792418-FA54-4F40-865F-F3C6B84097AC}.Release|Mixed Platforms.Build.0 = Debug|Any CPU
		{6B792418-FA54-4F40-865F-F3C6B84097AC}.Release|x86.ActiveCfg = Debug|Any CPU
	EndGlobalSection
	GlobalSection(SolutionProperties) = preSolution
		HideSolutionNode = FALSE
	EndGlobalSection
EndGlobal
